PODS:
  - JewFeatures/CommonKit (1.0.0)
  - JewFeatures/SessionKit (1.0.0):
    - JewFeatures/CommonKit

DEPENDENCIES:
  - JewFeatures/SessionKit (from `../`)

EXTERNAL SOURCES:
  JewFeatures:
    :path: "../"

SPEC CHECKSUMS:
  JewFeatures: e06cca710631793f731c648a727c3bf8049ad58a

PODFILE CHECKSUM: 72edaa42de705d1f194ab28e010085f504591f70

COCOAPODS: 1.8.4
